{
  "name": "readme-examples",
  "version": "1.0.0",
  "lockfileVersion": 2,
  "requires": true,
  "packages": {
    "": {
      "version": "1.0.0",
      "license": "ISC",
      "dependencies": {
        "@hawaii-framework/oidc-implicit-core": "^2.0.0-dev.8"
      }
    },
    "node_modules/@hawaii-framework/oidc-implicit-core": {
      "version": "2.0.0-dev.8",
      "resolved": "https://registry.npmjs.org/@hawaii-framework/oidc-implicit-core/-/oidc-implicit-core-2.0.0-dev.8.tgz",
      "integrity": "sha512-xf1RiOIq34+lARRdBK0cdyHTmR61jCs0+0P3vgiTJppibM/EzUS65nM6aifdf4UJB1fohRjTHAxjHTdGVRoqfg=="
    }
  },
  "dependencies": {
    "@hawaii-framework/oidc-implicit-core": {
      "version": "2.0.0-dev.8",
      "resolved": "https://registry.npmjs.org/@hawaii-framework/oidc-implicit-core/-/oidc-implicit-core-2.0.0-dev.8.tgz",
      "integrity": "sha512-xf1RiOIq34+lARRdBK0cdyHTmR61jCs0+0P3vgiTJppibM/EzUS65nM6aifdf4UJB1fohRjTHAxjHTdGVRoqfg=="
    }
  }
}
